
Microsoft Visual Studio Solution File, Format Version 12.00
# Visual Studio 14
VisualStudioVersion = 14.0.24720.0
MinimumVisualStudioVersion = 10.0.40219.1
Project("{FAE04EC0-301F-11D3-BF4B-00C04F79EFBC}") = "PASM", "PASM\PASM.csproj", "{3E9F9454-D6EE-4D52-824B-F25FD24F29EC}"
EndProject
Project("{FAE04EC0-301F-11D3-BF4B-00C04F79EFBC}") = "PashRuntime", "PashRuntime\PashRuntime.csproj", "{9C9BBFEA-6730-4FBF-B3BA-50800B8B751A}"
EndProject
Project("{FAE04EC0-301F-11D3-BF4B-00C04F79EFBC}") = "stdlib", "stdlib\stdlib.csproj", "{8344BB4F-008F-4C01-828B-14E7B9652FAE}"
EndProject
Project("{FAE04EC0-301F-11D3-BF4B-00C04F79EFBC}") = "SnapScript", "SnapScript\SnapScript.csproj", "{76664965-73EF-42B6-9B8A-CF6AFA0F9371}"
EndProject
Project("{FAE04EC0-301F-11D3-BF4B-00C04F79EFBC}") = "Puffin", "Puffin\Puffin.csproj", "{69CF5B17-E305-432F-BADC-C47502C4F882}"
EndProject
Global
	GlobalSection(SolutionConfigurationPlatforms) = preSolution
		Debug|Any CPU = Debug|Any CPU
		Debug|x86 = Debug|x86
		Release|Any CPU = Release|Any CPU
		Release|x86 = Release|x86
	EndGlobalSection
	GlobalSection(ProjectConfigurationPlatforms) = postSolution
		{3E9F9454-D6EE-4D52-824B-F25FD24F29EC}.Debug|Any CPU.ActiveCfg = Debug|Any CPU
		{3E9F9454-D6EE-4D52-824B-F25FD24F29EC}.Debug|Any CPU.Build.0 = Debug|Any CPU
		{3E9F9454-D6EE-4D52-824B-F25FD24F29EC}.Debug|x86.ActiveCfg = Debug|Any CPU
		{3E9F9454-D6EE-4D52-824B-F25FD24F29EC}.Debug|x86.Build.0 = Debug|Any CPU
		{3E9F9454-D6EE-4D52-824B-F25FD24F29EC}.Release|Any CPU.ActiveCfg = Release|Any CPU
		{3E9F9454-D6EE-4D52-824B-F25FD24F29EC}.Release|Any CPU.Build.0 = Release|Any CPU
		{3E9F9454-D6EE-4D52-824B-F25FD24F29EC}.Release|x86.ActiveCfg = Release|Any CPU
		{3E9F9454-D6EE-4D52-824B-F25FD24F29EC}.Release|x86.Build.0 = Release|Any CPU
		{9C9BBFEA-6730-4FBF-B3BA-50800B8B751A}.Debug|Any CPU.ActiveCfg = Debug|Any CPU
		{9C9BBFEA-6730-4FBF-B3BA-50800B8B751A}.Debug|Any CPU.Build.0 = Debug|Any CPU
		{9C9BBFEA-6730-4FBF-B3BA-50800B8B751A}.Debug|x86.ActiveCfg = Debug|Any CPU
		{9C9BBFEA-6730-4FBF-B3BA-50800B8B751A}.Debug|x86.Build.0 = Debug|Any CPU
		{9C9BBFEA-6730-4FBF-B3BA-50800B8B751A}.Release|Any CPU.ActiveCfg = Release|Any CPU
		{9C9BBFEA-6730-4FBF-B3BA-50800B8B751A}.Release|Any CPU.Build.0 = Release|Any CPU
		{9C9BBFEA-6730-4FBF-B3BA-50800B8B751A}.Release|x86.ActiveCfg = Release|Any CPU
		{9C9BBFEA-6730-4FBF-B3BA-50800B8B751A}.Release|x86.Build.0 = Release|Any CPU
		{8344BB4F-008F-4C01-828B-14E7B9652FAE}.Debug|Any CPU.ActiveCfg = Debug|Any CPU
		{8344BB4F-008F-4C01-828B-14E7B9652FAE}.Debug|Any CPU.Build.0 = Debug|Any CPU
		{8344BB4F-008F-4C01-828B-14E7B9652FAE}.Debug|x86.ActiveCfg = Debug|Any CPU
		{8344BB4F-008F-4C01-828B-14E7B9652FAE}.Debug|x86.Build.0 = Debug|Any CPU
		{8344BB4F-008F-4C01-828B-14E7B9652FAE}.Release|Any CPU.ActiveCfg = Release|Any CPU
		{8344BB4F-008F-4C01-828B-14E7B9652FAE}.Release|Any CPU.Build.0 = Release|Any CPU
		{8344BB4F-008F-4C01-828B-14E7B9652FAE}.Release|x86.ActiveCfg = Release|Any CPU
		{8344BB4F-008F-4C01-828B-14E7B9652FAE}.Release|x86.Build.0 = Release|Any CPU
		{76664965-73EF-42B6-9B8A-CF6AFA0F9371}.Debug|Any CPU.ActiveCfg = Debug|Any CPU
		{76664965-73EF-42B6-9B8A-CF6AFA0F9371}.Debug|Any CPU.Build.0 = Debug|Any CPU
		{76664965-73EF-42B6-9B8A-CF6AFA0F9371}.Debug|x86.ActiveCfg = Debug|Any CPU
		{76664965-73EF-42B6-9B8A-CF6AFA0F9371}.Debug|x86.Build.0 = Debug|Any CPU
		{76664965-73EF-42B6-9B8A-CF6AFA0F9371}.Release|Any CPU.ActiveCfg = Release|Any CPU
		{76664965-73EF-42B6-9B8A-CF6AFA0F9371}.Release|Any CPU.Build.0 = Release|Any CPU
		{76664965-73EF-42B6-9B8A-CF6AFA0F9371}.Release|x86.ActiveCfg = Release|Any CPU
		{76664965-73EF-42B6-9B8A-CF6AFA0F9371}.Release|x86.Build.0 = Release|Any CPU
		{69CF5B17-E305-432F-BADC-C47502C4F882}.Debug|Any CPU.ActiveCfg = Debug|Any CPU
		{69CF5B17-E305-432F-BADC-C47502C4F882}.Debug|Any CPU.Build.0 = Debug|Any CPU
		{69CF5B17-E305-432F-BADC-C47502C4F882}.Debug|x86.ActiveCfg = Debug|Any CPU
		{69CF5B17-E305-432F-BADC-C47502C4F882}.Debug|x86.Build.0 = Debug|Any CPU
		{69CF5B17-E305-432F-BADC-C47502C4F882}.Release|Any CPU.ActiveCfg = Release|Any CPU
		{69CF5B17-E305-432F-BADC-C47502C4F882}.Release|Any CPU.Build.0 = Release|Any CPU
		{69CF5B17-E305-432F-BADC-C47502C4F882}.Release|x86.ActiveCfg = Release|Any CPU
		{69CF5B17-E305-432F-BADC-C47502C4F882}.Release|x86.Build.0 = Release|Any CPU
	EndGlobalSection
	GlobalSection(SolutionProperties) = preSolution
		HideSolutionNode = FALSE
	EndGlobalSection
	GlobalSection(MonoDevelopProperties) = preSolution
		StartupItem = CrocRuntime\CrocRuntime.csproj
		Policies = $0
		$0.DotNetNamingPolicy = $1
		$1.DirectoryNamespaceAssociation = None
		$1.ResourceNamePolicy = FileFormatDefault
		$0.TextStylePolicy = $4
		$2.inheritsSet = null
		$2.scope = text/x-csharp
		$0.CSharpFormattingPolicy = $3
		$3.AfterDelegateDeclarationParameterComma = True
		$3.inheritsSet = Mono
		$3.inheritsScope = text/x-csharp
		$3.scope = text/x-csharp
		$4.FileWidth = 120
		$4.TabsToSpaces = False
		$4.inheritsSet = VisualStudio
		$4.inheritsScope = text/plain
		$4.scope = text/plain
	EndGlobalSection
EndGlobal
