
Microsoft Visual Studio Solution File, Format Version 12.00
# Visual Studio 14
VisualStudioVersion = 14.0.23107.0
MinimumVisualStudioVersion = 10.0.40219.1
Project("{FAE04EC0-301F-11D3-BF4B-00C04F79EFBC}") = "PASM", "PASM\PASM.csproj", "{3E9F9454-D6EE-4D52-824B-F25FD24F29EC}"
EndProject
Project("{FAE04EC0-301F-11D3-BF4B-00C04F79EFBC}") = "BASIC Compiler", "BASIC Compiler\BASIC Compiler.csproj", "{82440E7E-0741-428B-9546-6134ECB5BD45}"
EndProject
Project("{FAE04EC0-301F-11D3-BF4B-00C04F79EFBC}") = "PashRuntime", "PashRuntime\PashRuntime.csproj", "{9C9BBFEA-6730-4FBF-B3BA-50800B8B751A}"
EndProject
Project("{FAE04EC0-301F-11D3-BF4B-00C04F79EFBC}") = "CrocodileScript", "CrocodileScript\CrocodileScript.csproj", "{7D5BCD5C-9A47-459F-8998-517FB570E759}"
EndProject
Project("{FAE04EC0-301F-11D3-BF4B-00C04F79EFBC}") = "CrocRuntime", "CrocRuntime\CrocRuntime.csproj", "{D7763413-EF83-4B1A-B7B4-09D454A62619}"
EndProject
Global
	GlobalSection(SolutionConfigurationPlatforms) = preSolution
		Debug|Any CPU = Debug|Any CPU
		Release|Any CPU = Release|Any CPU
	EndGlobalSection
	GlobalSection(ProjectConfigurationPlatforms) = postSolution
		{3E9F9454-D6EE-4D52-824B-F25FD24F29EC}.Debug|Any CPU.ActiveCfg = Debug|Any CPU
		{3E9F9454-D6EE-4D52-824B-F25FD24F29EC}.Debug|Any CPU.Build.0 = Debug|Any CPU
		{3E9F9454-D6EE-4D52-824B-F25FD24F29EC}.Release|Any CPU.ActiveCfg = Release|Any CPU
		{3E9F9454-D6EE-4D52-824B-F25FD24F29EC}.Release|Any CPU.Build.0 = Release|Any CPU
		{82440E7E-0741-428B-9546-6134ECB5BD45}.Debug|Any CPU.ActiveCfg = Debug|Any CPU
		{82440E7E-0741-428B-9546-6134ECB5BD45}.Debug|Any CPU.Build.0 = Debug|Any CPU
		{82440E7E-0741-428B-9546-6134ECB5BD45}.Release|Any CPU.ActiveCfg = Release|Any CPU
		{82440E7E-0741-428B-9546-6134ECB5BD45}.Release|Any CPU.Build.0 = Release|Any CPU
		{9C9BBFEA-6730-4FBF-B3BA-50800B8B751A}.Debug|Any CPU.ActiveCfg = Debug|Any CPU
		{9C9BBFEA-6730-4FBF-B3BA-50800B8B751A}.Debug|Any CPU.Build.0 = Debug|Any CPU
		{9C9BBFEA-6730-4FBF-B3BA-50800B8B751A}.Release|Any CPU.ActiveCfg = Release|Any CPU
		{9C9BBFEA-6730-4FBF-B3BA-50800B8B751A}.Release|Any CPU.Build.0 = Release|Any CPU
		{7D5BCD5C-9A47-459F-8998-517FB570E759}.Debug|Any CPU.ActiveCfg = Debug|Any CPU
		{7D5BCD5C-9A47-459F-8998-517FB570E759}.Debug|Any CPU.Build.0 = Debug|Any CPU
		{7D5BCD5C-9A47-459F-8998-517FB570E759}.Release|Any CPU.ActiveCfg = Release|Any CPU
		{7D5BCD5C-9A47-459F-8998-517FB570E759}.Release|Any CPU.Build.0 = Release|Any CPU
		{D7763413-EF83-4B1A-B7B4-09D454A62619}.Debug|Any CPU.ActiveCfg = Debug|Any CPU
		{D7763413-EF83-4B1A-B7B4-09D454A62619}.Debug|Any CPU.Build.0 = Debug|Any CPU
		{D7763413-EF83-4B1A-B7B4-09D454A62619}.Release|Any CPU.ActiveCfg = Release|Any CPU
		{D7763413-EF83-4B1A-B7B4-09D454A62619}.Release|Any CPU.Build.0 = Release|Any CPU
	EndGlobalSection
	GlobalSection(SolutionProperties) = preSolution
		HideSolutionNode = FALSE
	EndGlobalSection
	GlobalSection(MonoDevelopProperties) = preSolution
		StartupItem = CrocRuntime\CrocRuntime.csproj
		Policies = $0
		$0.DotNetNamingPolicy = $1
		$1.DirectoryNamespaceAssociation = None
		$1.ResourceNamePolicy = FileFormatDefault
		$0.TextStylePolicy = $4
		$2.inheritsSet = null
		$2.scope = text/x-csharp
		$0.CSharpFormattingPolicy = $3
		$3.AfterDelegateDeclarationParameterComma = True
		$3.inheritsSet = Mono
		$3.inheritsScope = text/x-csharp
		$3.scope = text/x-csharp
		$4.FileWidth = 120
		$4.TabsToSpaces = False
		$4.inheritsSet = VisualStudio
		$4.inheritsScope = text/plain
		$4.scope = text/plain
	EndGlobalSection
EndGlobal
